
Microsoft Visual Studio Solution File, Format Version 12.00
# Visual Studio 15
VisualStudioVersion = 15.0.28010.2041
MinimumVisualStudioVersion = 10.0.40219.1
Project("{FAE04EC0-301F-11D3-BF4B-00C04F79EFBC}") = "LabSDES", "LabSDES\LabSDES.csproj", "{A9E03069-4A00-4D79-9E64-685586119C69}"
EndProject
Global
	GlobalSection(SolutionConfigurationPlatforms) = preSolution
		Debug|Any CPU = Debug|Any CPU
		Release|Any CPU = Release|Any CPU
	EndGlobalSection
	GlobalSection(ProjectConfigurationPlatforms) = postSolution
		{A9E03069-4A00-4D79-9E64-685586119C69}.Debug|Any CPU.ActiveCfg = Debug|Any CPU
		{A9E03069-4A00-4D79-9E64-685586119C69}.Debug|Any CPU.Build.0 = Debug|Any CPU
		{A9E03069-4A00-4D79-9E64-685586119C69}.Release|Any CPU.ActiveCfg = Release|Any CPU
		{A9E03069-4A00-4D79-9E64-685586119C69}.Release|Any CPU.Build.0 = Release|Any CPU
	EndGlobalSection
	GlobalSection(SolutionProperties) = preSolution
		HideSolutionNode = FALSE
	EndGlobalSection
	GlobalSection(ExtensibilityGlobals) = postSolution
		SolutionGuid = {C252B22C-757D-4D24-B3F1-FDDCDAC103E3}
	EndGlobalSection
EndGlobal
